
Microsoft Visual Studio Solution File, Format Version 12.00
# Visual Studio Version 17
VisualStudioVersion = 17.9.34728.123
MinimumVisualStudioVersion = 10.0.40219.1
Project("{FAE04EC0-301F-11D3-BF4B-00C04F79EFBC}") = "NewsletterProvider", "NewsletterProvider\NewsletterProvider.csproj", "{7CEBDA06-338F-470F-9020-A485A36F8FF8}"
EndProject
Global
	GlobalSection(SolutionConfigurationPlatforms) = preSolution
		Debug|Any CPU = Debug|Any CPU
		Release|Any CPU = Release|Any CPU
	EndGlobalSection
	GlobalSection(ProjectConfigurationPlatforms) = postSolution
		{7CEBDA06-338F-470F-9020-A485A36F8FF8}.Debug|Any CPU.ActiveCfg = Debug|Any CPU
		{7CEBDA06-338F-470F-9020-A485A36F8FF8}.Debug|Any CPU.Build.0 = Debug|Any CPU
		{7CEBDA06-338F-470F-9020-A485A36F8FF8}.Release|Any CPU.ActiveCfg = Release|Any CPU
		{7CEBDA06-338F-470F-9020-A485A36F8FF8}.Release|Any CPU.Build.0 = Release|Any CPU
	EndGlobalSection
	GlobalSection(SolutionProperties) = preSolution
		HideSolutionNode = FALSE
	EndGlobalSection
	GlobalSection(ExtensibilityGlobals) = postSolution
		SolutionGuid = {0BBCF4CA-C364-483F-8FB8-E27C13AD9016}
	EndGlobalSection
EndGlobal
